// !$*UTF8*$!
{
	archiveVersion = 1;
	classes = {
	};
	objectVersion = 50;
	objects = {

/* Begin PBXBuildFile section */
		01B69B5626F4BA1A00E1EBE2 /* AppDelegate.swift in Sources */ = {isa = PBXBuildFile; fileRef = 01B69B5526F4BA1A00E1EBE2 /* AppDelegate.swift */; };
		01B69B5826F4BA1A00E1EBE2 /* SceneDelegate.swift in Sources */ = {isa = PBXBuildFile; fileRef = 01B69B5726F4BA1A00E1EBE2 /* SceneDelegate.swift */; };
		01B69B5D26F4BA1A00E1EBE2 /* Main.storyboard in Resources */ = {isa = PBXBuildFile; fileRef = 01B69B5B26F4BA1A00E1EBE2 /* Main.storyboard */; };
		01B69B5F26F4BA1B00E1EBE2 /* Assets.xcassets in Resources */ = {isa = PBXBuildFile; fileRef = 01B69B5E26F4BA1B00E1EBE2 /* Assets.xcassets */; };
		01B69B6226F4BA1B00E1EBE2 /* LaunchScreen.storyboard in Resources */ = {isa = PBXBuildFile; fileRef = 01B69B6026F4BA1B00E1EBE2 /* LaunchScreen.storyboard */; };
		01B69B6D26F4BA1B00E1EBE2 /* MovieSearchTests.swift in Sources */ = {isa = PBXBuildFile; fileRef = 01B69B6C26F4BA1B00E1EBE2 /* MovieSearchTests.swift */; };
		01B69B7826F4BA1B00E1EBE2 /* MovieSearchUITests.swift in Sources */ = {isa = PBXBuildFile; fileRef = 01B69B7726F4BA1B00E1EBE2 /* MovieSearchUITests.swift */; };
		01B69B8A26F4C3CD00E1EBE2 /* MovieService.swift in Sources */ = {isa = PBXBuildFile; fileRef = 01B69B8926F4C3CD00E1EBE2 /* MovieService.swift */; };
		01B69B8C26F4D27000E1EBE2 /* MovieServiceEndpoint.swift in Sources */ = {isa = PBXBuildFile; fileRef = 01B69B8B26F4D27000E1EBE2 /* MovieServiceEndpoint.swift */; };
		01B69B9026F5C8E800E1EBE2 /* DataStore.swift in Sources */ = {isa = PBXBuildFile; fileRef = 01B69B8F26F5C8E800E1EBE2 /* DataStore.swift */; };
		01B69B9226F5DA6B00E1EBE2 /* MovieServiceOperation.swift in Sources */ = {isa = PBXBuildFile; fileRef = 01B69B9126F5DA6B00E1EBE2 /* MovieServiceOperation.swift */; };
		01B69B9526F5DD4300E1EBE2 /* SearchCoordinator.swift in Sources */ = {isa = PBXBuildFile; fileRef = 01B69B9426F5DD4300E1EBE2 /* SearchCoordinator.swift */; };
		01B69B9726F5DD5D00E1EBE2 /* CoordinatingNavigationController.swift in Sources */ = {isa = PBXBuildFile; fileRef = 01B69B9626F5DD5D00E1EBE2 /* CoordinatingNavigationController.swift */; };
		01B69B9926F5E06600E1EBE2 /* SearchViewController.swift in Sources */ = {isa = PBXBuildFile; fileRef = 01B69B9826F5E06600E1EBE2 /* SearchViewController.swift */; };
		01B69B9B26F5E96400E1EBE2 /* MovieCollectionViewCell.swift in Sources */ = {isa = PBXBuildFile; fileRef = 01B69B9A26F5E96400E1EBE2 /* MovieCollectionViewCell.swift */; };
		01B69B9D26F5F41C00E1EBE2 /* Movie.swift in Sources */ = {isa = PBXBuildFile; fileRef = 01B69B9C26F5F41C00E1EBE2 /* Movie.swift */; };
		01B69B9F26F5F67C00E1EBE2 /* MovieSearch.swift in Sources */ = {isa = PBXBuildFile; fileRef = 01B69B9E26F5F67C00E1EBE2 /* MovieSearch.swift */; };
		01B69BA126F6014400E1EBE2 /* CoordinatedViewController.swift in Sources */ = {isa = PBXBuildFile; fileRef = 01B69BA026F6014400E1EBE2 /* CoordinatedViewController.swift */; };
		01B69BA326F615D800E1EBE2 /* RandomAccessDataStore.swift in Sources */ = {isa = PBXBuildFile; fileRef = 01B69BA226F615D800E1EBE2 /* RandomAccessDataStore.swift */; };
		01B69BA526F6228200E1EBE2 /* Poster.swift in Sources */ = {isa = PBXBuildFile; fileRef = 01B69BA426F6228200E1EBE2 /* Poster.swift */; };
		01B69BA726F630C900E1EBE2 /* MovieDetail.swift in Sources */ = {isa = PBXBuildFile; fileRef = 01B69BA626F630C900E1EBE2 /* MovieDetail.swift */; };
		01B69BA926F632AF00E1EBE2 /* DetailViewController.swift in Sources */ = {isa = PBXBuildFile; fileRef = 01B69BA826F632AF00E1EBE2 /* DetailViewController.swift */; };
		01B69BAB26F63BD500E1EBE2 /* DetailTableViewCell.swift in Sources */ = {isa = PBXBuildFile; fileRef = 01B69BAA26F63BD500E1EBE2 /* DetailTableViewCell.swift */; };
/* End PBXBuildFile section */

/* Begin PBXContainerItemProxy section */
		01B69B6926F4BA1B00E1EBE2 /* PBXContainerItemProxy */ = {
			isa = PBXContainerItemProxy;
			containerPortal = 01B69B4A26F4BA1A00E1EBE2 /* Project object */;
			proxyType = 1;
			remoteGlobalIDString = 01B69B5126F4BA1A00E1EBE2;
			remoteInfo = MovieSearch;
		};
		01B69B7426F4BA1B00E1EBE2 /* PBXContainerItemProxy */ = {
			isa = PBXContainerItemProxy;
			containerPortal = 01B69B4A26F4BA1A00E1EBE2 /* Project object */;
			proxyType = 1;
			remoteGlobalIDString = 01B69B5126F4BA1A00E1EBE2;
			remoteInfo = MovieSearch;
		};
/* End PBXContainerItemProxy section */

/* Begin PBXFileReference section */
		01B69B5226F4BA1A00E1EBE2 /* MovieSearch.app */ = {isa = PBXFileReference; explicitFileType = wrapper.application; includeInIndex = 0; path = MovieSearch.app; sourceTree = BUILT_PRODUCTS_DIR; };
		01B69B5526F4BA1A00E1EBE2 /* AppDelegate.swift */ = {isa = PBXFileReference; lastKnownFileType = sourcecode.swift; path = AppDelegate.swift; sourceTree = "<group>"; };
		01B69B5726F4BA1A00E1EBE2 /* SceneDelegate.swift */ = {isa = PBXFileReference; lastKnownFileType = sourcecode.swift; path = SceneDelegate.swift; sourceTree = "<group>"; };
		01B69B5C26F4BA1A00E1EBE2 /* Base */ = {isa = PBXFileReference; lastKnownFileType = file.storyboard; name = Base; path = Base.lproj/Main.storyboard; sourceTree = "<group>"; };
		01B69B5E26F4BA1B00E1EBE2 /* Assets.xcassets */ = {isa = PBXFileReference; lastKnownFileType = folder.assetcatalog; path = Assets.xcassets; sourceTree = "<group>"; };
		01B69B6126F4BA1B00E1EBE2 /* Base */ = {isa = PBXFileReference; lastKnownFileType = file.storyboard; name = Base; path = Base.lproj/LaunchScreen.storyboard; sourceTree = "<group>"; };
		01B69B6326F4BA1B00E1EBE2 /* Info.plist */ = {isa = PBXFileReference; lastKnownFileType = text.plist.xml; path = Info.plist; sourceTree = "<group>"; };
		01B69B6826F4BA1B00E1EBE2 /* MovieSearchTests.xctest */ = {isa = PBXFileReference; explicitFileType = wrapper.cfbundle; includeInIndex = 0; path = MovieSearchTests.xctest; sourceTree = BUILT_PRODUCTS_DIR; };
		01B69B6C26F4BA1B00E1EBE2 /* MovieSearchTests.swift */ = {isa = PBXFileReference; lastKnownFileType = sourcecode.swift; path = MovieSearchTests.swift; sourceTree = "<group>"; };
		01B69B6E26F4BA1B00E1EBE2 /* Info.plist */ = {isa = PBXFileReference; lastKnownFileType = text.plist.xml; path = Info.plist; sourceTree = "<group>"; };
		01B69B7326F4BA1B00E1EBE2 /* MovieSearchUITests.xctest */ = {isa = PBXFileReference; explicitFileType = wrapper.cfbundle; includeInIndex = 0; path = MovieSearchUITests.xctest; sourceTree = BUILT_PRODUCTS_DIR; };
		01B69B7726F4BA1B00E1EBE2 /* MovieSearchUITests.swift */ = {isa = PBXFileReference; lastKnownFileType = sourcecode.swift; path = MovieSearchUITests.swift; sourceTree = "<group>"; };
		01B69B7926F4BA1B00E1EBE2 /* Info.plist */ = {isa = PBXFileReference; lastKnownFileType = text.plist.xml; path = Info.plist; sourceTree = "<group>"; };
		01B69B8926F4C3CD00E1EBE2 /* MovieService.swift */ = {isa = PBXFileReference; lastKnownFileType = sourcecode.swift; path = MovieService.swift; sourceTree = "<group>"; };
		01B69B8B26F4D27000E1EBE2 /* MovieServiceEndpoint.swift */ = {isa = PBXFileReference; lastKnownFileType = sourcecode.swift; path = MovieServiceEndpoint.swift; sourceTree = "<group>"; };
		01B69B8F26F5C8E800E1EBE2 /* DataStore.swift */ = {isa = PBXFileReference; lastKnownFileType = sourcecode.swift; path = DataStore.swift; sourceTree = "<group>"; };
		01B69B9126F5DA6B00E1EBE2 /* MovieServiceOperation.swift */ = {isa = PBXFileReference; lastKnownFileType = sourcecode.swift; path = MovieServiceOperation.swift; sourceTree = "<group>"; };
		01B69B9426F5DD4300E1EBE2 /* SearchCoordinator.swift */ = {isa = PBXFileReference; lastKnownFileType = sourcecode.swift; path = SearchCoordinator.swift; sourceTree = "<group>"; };
		01B69B9626F5DD5D00E1EBE2 /* CoordinatingNavigationController.swift */ = {isa = PBXFileReference; lastKnownFileType = sourcecode.swift; path = CoordinatingNavigationController.swift; sourceTree = "<group>"; };
		01B69B9826F5E06600E1EBE2 /* SearchViewController.swift */ = {isa = PBXFileReference; lastKnownFileType = sourcecode.swift; path = SearchViewController.swift; sourceTree = "<group>"; };
		01B69B9A26F5E96400E1EBE2 /* MovieCollectionViewCell.swift */ = {isa = PBXFileReference; lastKnownFileType = sourcecode.swift; path = MovieCollectionViewCell.swift; sourceTree = "<group>"; };
		01B69B9C26F5F41C00E1EBE2 /* Movie.swift */ = {isa = PBXFileReference; lastKnownFileType = sourcecode.swift; path = Movie.swift; sourceTree = "<group>"; };
		01B69B9E26F5F67C00E1EBE2 /* MovieSearch.swift */ = {isa = PBXFileReference; lastKnownFileType = sourcecode.swift; path = MovieSearch.swift; sourceTree = "<group>"; };
		01B69BA026F6014400E1EBE2 /* CoordinatedViewController.swift */ = {isa = PBXFileReference; lastKnownFileType = sourcecode.swift; path = CoordinatedViewController.swift; sourceTree = "<group>"; };
		01B69BA226F615D800E1EBE2 /* RandomAccessDataStore.swift */ = {isa = PBXFileReference; lastKnownFileType = sourcecode.swift; path = RandomAccessDataStore.swift; sourceTree = "<group>"; };
		01B69BA426F6228200E1EBE2 /* Poster.swift */ = {isa = PBXFileReference; lastKnownFileType = sourcecode.swift; path = Poster.swift; sourceTree = "<group>"; };
		01B69BA626F630C900E1EBE2 /* MovieDetail.swift */ = {isa = PBXFileReference; lastKnownFileType = sourcecode.swift; path = MovieDetail.swift; sourceTree = "<group>"; };
		01B69BA826F632AF00E1EBE2 /* DetailViewController.swift */ = {isa = PBXFileReference; lastKnownFileType = sourcecode.swift; path = DetailViewController.swift; sourceTree = "<group>"; };
		01B69BAA26F63BD500E1EBE2 /* DetailTableViewCell.swift */ = {isa = PBXFileReference; lastKnownFileType = sourcecode.swift; path = DetailTableViewCell.swift; sourceTree = "<group>"; };
/* End PBXFileReference section */

/* Begin PBXFrameworksBuildPhase section */
		01B69B4F26F4BA1A00E1EBE2 /* Frameworks */ = {
			isa = PBXFrameworksBuildPhase;
			buildActionMask = 2147483647;
			files = (
			);
			runOnlyForDeploymentPostprocessing = 0;
		};
		01B69B6526F4BA1B00E1EBE2 /* Frameworks */ = {
			isa = PBXFrameworksBuildPhase;
			buildActionMask = 2147483647;
			files = (
			);
			runOnlyForDeploymentPostprocessing = 0;
		};
		01B69B7026F4BA1B00E1EBE2 /* Frameworks */ = {
			isa = PBXFrameworksBuildPhase;
			buildActionMask = 2147483647;
			files = (
			);
			runOnlyForDeploymentPostprocessing = 0;
		};
/* End PBXFrameworksBuildPhase section */

/* Begin PBXGroup section */
		01B69B4926F4BA1A00E1EBE2 = {
			isa = PBXGroup;
			children = (
				01B69B5426F4BA1A00E1EBE2 /* MovieSearch */,
				01B69B6B26F4BA1B00E1EBE2 /* MovieSearchTests */,
				01B69B7626F4BA1B00E1EBE2 /* MovieSearchUITests */,
				01B69B5326F4BA1A00E1EBE2 /* Products */,
			);
			sourceTree = "<group>";
		};
		01B69B5326F4BA1A00E1EBE2 /* Products */ = {
			isa = PBXGroup;
			children = (
				01B69B5226F4BA1A00E1EBE2 /* MovieSearch.app */,
				01B69B6826F4BA1B00E1EBE2 /* MovieSearchTests.xctest */,
				01B69B7326F4BA1B00E1EBE2 /* MovieSearchUITests.xctest */,
			);
			name = Products;
			sourceTree = "<group>";
		};
		01B69B5426F4BA1A00E1EBE2 /* MovieSearch */ = {
			isa = PBXGroup;
			children = (
				01B69B9326F5DD2300E1EBE2 /* Coordinator */,
				01B69B8826F4C14F00E1EBE2 /* Data Store */,
				01B69B8726F4C13C00E1EBE2 /* Network */,
				01B69B8626F4C13500E1EBE2 /* User Interface */,
				01B69B8526F4C12E00E1EBE2 /* Models */,
				01B69B5526F4BA1A00E1EBE2 /* AppDelegate.swift */,
				01B69B5726F4BA1A00E1EBE2 /* SceneDelegate.swift */,
				01B69B5E26F4BA1B00E1EBE2 /* Assets.xcassets */,
				01B69B6026F4BA1B00E1EBE2 /* LaunchScreen.storyboard */,
				01B69B6326F4BA1B00E1EBE2 /* Info.plist */,
			);
			path = MovieSearch;
			sourceTree = "<group>";
		};
		01B69B6B26F4BA1B00E1EBE2 /* MovieSearchTests */ = {
			isa = PBXGroup;
			children = (
				01B69B6C26F4BA1B00E1EBE2 /* MovieSearchTests.swift */,
				01B69B6E26F4BA1B00E1EBE2 /* Info.plist */,
			);
			path = MovieSearchTests;
			sourceTree = "<group>";
		};
		01B69B7626F4BA1B00E1EBE2 /* MovieSearchUITests */ = {
			isa = PBXGroup;
			children = (
				01B69B7726F4BA1B00E1EBE2 /* MovieSearchUITests.swift */,
				01B69B7926F4BA1B00E1EBE2 /* Info.plist */,
			);
			path = MovieSearchUITests;
			sourceTree = "<group>";
		};
		01B69B8526F4C12E00E1EBE2 /* Models */ = {
			isa = PBXGroup;
			children = (
				01B69B9C26F5F41C00E1EBE2 /* Movie.swift */,
				01B69B9E26F5F67C00E1EBE2 /* MovieSearch.swift */,
				01B69BA626F630C900E1EBE2 /* MovieDetail.swift */,
				01B69BA426F6228200E1EBE2 /* Poster.swift */,
			);
			path = Models;
			sourceTree = "<group>";
		};
		01B69B8626F4C13500E1EBE2 /* User Interface */ = {
			isa = PBXGroup;
			children = (
				01B69B5B26F4BA1A00E1EBE2 /* Main.storyboard */,
				01B69B9826F5E06600E1EBE2 /* SearchViewController.swift */,
				01B69B9A26F5E96400E1EBE2 /* MovieCollectionViewCell.swift */,
				01B69BA826F632AF00E1EBE2 /* DetailViewController.swift */,
				01B69BAA26F63BD500E1EBE2 /* DetailTableViewCell.swift */,
			);
			path = "User Interface";
			sourceTree = "<group>";
		};
		01B69B8726F4C13C00E1EBE2 /* Network */ = {
			isa = PBXGroup;
			children = (
				01B69B8926F4C3CD00E1EBE2 /* MovieService.swift */,
				01B69B8B26F4D27000E1EBE2 /* MovieServiceEndpoint.swift */,
				01B69B9126F5DA6B00E1EBE2 /* MovieServiceOperation.swift */,
			);
			path = Network;
			sourceTree = "<group>";
		};
		01B69B8826F4C14F00E1EBE2 /* Data Store */ = {
			isa = PBXGroup;
			children = (
				01B69B8F26F5C8E800E1EBE2 /* DataStore.swift */,
				01B69BA226F615D800E1EBE2 /* RandomAccessDataStore.swift */,
			);
			path = "Data Store";
			sourceTree = "<group>";
		};
		01B69B9326F5DD2300E1EBE2 /* Coordinator */ = {
			isa = PBXGroup;
			children = (
				01B69B9426F5DD4300E1EBE2 /* SearchCoordinator.swift */,
				01B69B9626F5DD5D00E1EBE2 /* CoordinatingNavigationController.swift */,
				01B69BA026F6014400E1EBE2 /* CoordinatedViewController.swift */,
			);
			path = Coordinator;
			sourceTree = "<group>";
		};
/* End PBXGroup section */

/* Begin PBXNativeTarget section */
		01B69B5126F4BA1A00E1EBE2 /* MovieSearch */ = {
			isa = PBXNativeTarget;
			buildConfigurationList = 01B69B7C26F4BA1B00E1EBE2 /* Build configuration list for PBXNativeTarget "MovieSearch" */;
			buildPhases = (
				01B69B4E26F4BA1A00E1EBE2 /* Sources */,
				01B69B4F26F4BA1A00E1EBE2 /* Frameworks */,
				01B69B5026F4BA1A00E1EBE2 /* Resources */,
			);
			buildRules = (
			);
			dependencies = (
			);
			name = MovieSearch;
			productName = MovieSearch;
			productReference = 01B69B5226F4BA1A00E1EBE2 /* MovieSearch.app */;
			productType = "com.apple.product-type.application";
		};
		01B69B6726F4BA1B00E1EBE2 /* MovieSearchTests */ = {
			isa = PBXNativeTarget;
			buildConfigurationList = 01B69B7F26F4BA1B00E1EBE2 /* Build configuration list for PBXNativeTarget "MovieSearchTests" */;
			buildPhases = (
				01B69B6426F4BA1B00E1EBE2 /* Sources */,
				01B69B6526F4BA1B00E1EBE2 /* Frameworks */,
				01B69B6626F4BA1B00E1EBE2 /* Resources */,
			);
			buildRules = (
			);
			dependencies = (
				01B69B6A26F4BA1B00E1EBE2 /* PBXTargetDependency */,
			);
			name = MovieSearchTests;
			productName = MovieSearchTests;
			productReference = 01B69B6826F4BA1B00E1EBE2 /* MovieSearchTests.xctest */;
			productType = "com.apple.product-type.bundle.unit-test";
		};
		01B69B7226F4BA1B00E1EBE2 /* MovieSearchUITests */ = {
			isa = PBXNativeTarget;
			buildConfigurationList = 01B69B8226F4BA1B00E1EBE2 /* Build configuration list for PBXNativeTarget "MovieSearchUITests" */;
			buildPhases = (
				01B69B6F26F4BA1B00E1EBE2 /* Sources */,
				01B69B7026F4BA1B00E1EBE2 /* Frameworks */,
				01B69B7126F4BA1B00E1EBE2 /* Resources */,
			);
			buildRules = (
			);
			dependencies = (
				01B69B7526F4BA1B00E1EBE2 /* PBXTargetDependency */,
			);
			name = MovieSearchUITests;
			productName = MovieSearchUITests;
			productReference = 01B69B7326F4BA1B00E1EBE2 /* MovieSearchUITests.xctest */;
			productType = "com.apple.product-type.bundle.ui-testing";
		};
/* End PBXNativeTarget section */

/* Begin PBXProject section */
		01B69B4A26F4BA1A00E1EBE2 /* Project object */ = {
			isa = PBXProject;
			attributes = {
				LastSwiftUpdateCheck = 1250;
				LastUpgradeCheck = 1250;
				TargetAttributes = {
					01B69B5126F4BA1A00E1EBE2 = {
						CreatedOnToolsVersion = 12.5.1;
					};
					01B69B6726F4BA1B00E1EBE2 = {
						CreatedOnToolsVersion = 12.5.1;
						TestTargetID = 01B69B5126F4BA1A00E1EBE2;
					};
					01B69B7226F4BA1B00E1EBE2 = {
						CreatedOnToolsVersion = 12.5.1;
						TestTargetID = 01B69B5126F4BA1A00E1EBE2;
					};
				};
			};
			buildConfigurationList = 01B69B4D26F4BA1A00E1EBE2 /* Build configuration list for PBXProject "MovieSearch" */;
			compatibilityVersion = "Xcode 9.3";
			developmentRegion = en;
			hasScannedForEncodings = 0;
			knownRegions = (
				en,
				Base,
			);
			mainGroup = 01B69B4926F4BA1A00E1EBE2;
			productRefGroup = 01B69B5326F4BA1A00E1EBE2 /* Products */;
			projectDirPath = "";
			projectRoot = "";
			targets = (
				01B69B5126F4BA1A00E1EBE2 /* MovieSearch */,
				01B69B6726F4BA1B00E1EBE2 /* MovieSearchTests */,
				01B69B7226F4BA1B00E1EBE2 /* MovieSearchUITests */,
			);
		};
/* End PBXProject section */

/* Begin PBXResourcesBuildPhase section */
		01B69B5026F4BA1A00E1EBE2 /* Resources */ = {
			isa = PBXResourcesBuildPhase;
			buildActionMask = 2147483647;
			files = (
				01B69B6226F4BA1B00E1EBE2 /* LaunchScreen.storyboard in Resources */,
				01B69B5F26F4BA1B00E1EBE2 /* Assets.xcassets in Resources */,
				01B69B5D26F4BA1A00E1EBE2 /* Main.storyboard in Resources */,
			);
			runOnlyForDeploymentPostprocessing = 0;
		};
		01B69B6626F4BA1B00E1EBE2 /* Resources */ = {
			isa = PBXResourcesBuildPhase;
			buildActionMask = 2147483647;
			files = (
			);
			runOnlyForDeploymentPostprocessing = 0;
		};
		01B69B7126F4BA1B00E1EBE2 /* Resources */ = {
			isa = PBXResourcesBuildPhase;
			buildActionMask = 2147483647;
			files = (
			);
			runOnlyForDeploymentPostprocessing = 0;
		};
/* End PBXResourcesBuildPhase section */

/* Begin PBXSourcesBuildPhase section */
		01B69B4E26F4BA1A00E1EBE2 /* Sources */ = {
			isa = PBXSourcesBuildPhase;
			buildActionMask = 2147483647;
			files = (
				01B69BAB26F63BD500E1EBE2 /* DetailTableViewCell.swift in Sources */,
				01B69BA326F615D800E1EBE2 /* RandomAccessDataStore.swift in Sources */,
				01B69BA926F632AF00E1EBE2 /* DetailViewController.swift in Sources */,
				01B69BA126F6014400E1EBE2 /* CoordinatedViewController.swift in Sources */,
				01B69B9226F5DA6B00E1EBE2 /* MovieServiceOperation.swift in Sources */,
				01B69B8A26F4C3CD00E1EBE2 /* MovieService.swift in Sources */,
				01B69B5626F4BA1A00E1EBE2 /* AppDelegate.swift in Sources */,
				01B69BA526F6228200E1EBE2 /* Poster.swift in Sources */,
				01B69B9926F5E06600E1EBE2 /* SearchViewController.swift in Sources */,
				01B69B5826F4BA1A00E1EBE2 /* SceneDelegate.swift in Sources */,
				01B69B9026F5C8E800E1EBE2 /* DataStore.swift in Sources */,
				01B69B8C26F4D27000E1EBE2 /* MovieServiceEndpoint.swift in Sources */,
				01B69B9B26F5E96400E1EBE2 /* MovieCollectionViewCell.swift in Sources */,
				01B69B9726F5DD5D00E1EBE2 /* CoordinatingNavigationController.swift in Sources */,
				01B69B9D26F5F41C00E1EBE2 /* Movie.swift in Sources */,
				01B69B9F26F5F67C00E1EBE2 /* MovieSearch.swift in Sources */,
				01B69B9526F5DD4300E1EBE2 /* SearchCoordinator.swift in Sources */,
				01B69BA726F630C900E1EBE2 /* MovieDetail.swift in Sources */,
			);
			runOnlyForDeploymentPostprocessing = 0;
		};
		01B69B6426F4BA1B00E1EBE2 /* Sources */ = {
			isa = PBXSourcesBuildPhase;
			buildActionMask = 2147483647;
			files = (
				01B69B6D26F4BA1B00E1EBE2 /* MovieSearchTests.swift in Sources */,
			);
			runOnlyForDeploymentPostprocessing = 0;
		};
		01B69B6F26F4BA1B00E1EBE2 /* Sources */ = {
			isa = PBXSourcesBuildPhase;
			buildActionMask = 2147483647;
			files = (
				01B69B7826F4BA1B00E1EBE2 /* MovieSearchUITests.swift in Sources */,
			);
			runOnlyForDeploymentPostprocessing = 0;
		};
/* End PBXSourcesBuildPhase section */

/* Begin PBXTargetDependency section */
		01B69B6A26F4BA1B00E1EBE2 /* PBXTargetDependency */ = {
			isa = PBXTargetDependency;
			target = 01B69B5126F4BA1A00E1EBE2 /* MovieSearch */;
			targetProxy = 01B69B6926F4BA1B00E1EBE2 /* PBXContainerItemProxy */;
		};
		01B69B7526F4BA1B00E1EBE2 /* PBXTargetDependency */ = {
			isa = PBXTargetDependency;
			target = 01B69B5126F4BA1A00E1EBE2 /* MovieSearch */;
			targetProxy = 01B69B7426F4BA1B00E1EBE2 /* PBXContainerItemProxy */;
		};
/* End PBXTargetDependency section */

/* Begin PBXVariantGroup section */
		01B69B5B26F4BA1A00E1EBE2 /* Main.storyboard */ = {
			isa = PBXVariantGroup;
			children = (
				01B69B5C26F4BA1A00E1EBE2 /* Base */,
			);
			name = Main.storyboard;
			sourceTree = "<group>";
		};
		01B69B6026F4BA1B00E1EBE2 /* LaunchScreen.storyboard */ = {
			isa = PBXVariantGroup;
			children = (
				01B69B6126F4BA1B00E1EBE2 /* Base */,
			);
			name = LaunchScreen.storyboard;
			sourceTree = "<group>";
		};
/* End PBXVariantGroup section */

/* Begin XCBuildConfiguration section */
		01B69B7A26F4BA1B00E1EBE2 /* Debug */ = {
			isa = XCBuildConfiguration;
			buildSettings = {
				ALWAYS_SEARCH_USER_PATHS = NO;
				CLANG_ANALYZER_NONNULL = YES;
				CLANG_ANALYZER_NUMBER_OBJECT_CONVERSION = YES_AGGRESSIVE;
				CLANG_CXX_LANGUAGE_STANDARD = "gnu++14";
				CLANG_CXX_LIBRARY = "libc++";
				CLANG_ENABLE_MODULES = YES;
				CLANG_ENABLE_OBJC_ARC = YES;
				CLANG_ENABLE_OBJC_WEAK = YES;
				CLANG_WARN_BLOCK_CAPTURE_AUTORELEASING = YES;
				CLANG_WARN_BOOL_CONVERSION = YES;
				CLANG_WARN_COMMA = YES;
				CLANG_WARN_CONSTANT_CONVERSION = YES;
				CLANG_WARN_DEPRECATED_OBJC_IMPLEMENTATIONS = YES;
				CLANG_WARN_DIRECT_OBJC_ISA_USAGE = YES_ERROR;
				CLANG_WARN_DOCUMENTATION_COMMENTS = YES;
				CLANG_WARN_EMPTY_BODY = YES;
				CLANG_WARN_ENUM_CONVERSION = YES;
				CLANG_WARN_INFINITE_RECURSION = YES;
				CLANG_WARN_INT_CONVERSION = YES;
				CLANG_WARN_NON_LITERAL_NULL_CONVERSION = YES;
				CLANG_WARN_OBJC_IMPLICIT_RETAIN_SELF = YES;
				CLANG_WARN_OBJC_LITERAL_CONVERSION = YES;
				CLANG_WARN_OBJC_ROOT_CLASS = YES_ERROR;
				CLANG_WARN_QUOTED_INCLUDE_IN_FRAMEWORK_HEADER = YES;
				CLANG_WARN_RANGE_LOOP_ANALYSIS = YES;
				CLANG_WARN_STRICT_PROTOTYPES = YES;
				CLANG_WARN_SUSPICIOUS_MOVE = YES;
				CLANG_WARN_UNGUARDED_AVAILABILITY = YES_AGGRESSIVE;
				CLANG_WARN_UNREACHABLE_CODE = YES;
				CLANG_WARN__DUPLICATE_METHOD_MATCH = YES;
				COPY_PHASE_STRIP = NO;
				DEBUG_INFORMATION_FORMAT = dwarf;
				ENABLE_STRICT_OBJC_MSGSEND = YES;
				ENABLE_TESTABILITY = YES;
				GCC_C_LANGUAGE_STANDARD = gnu11;
				GCC_DYNAMIC_NO_PIC = NO;
				GCC_NO_COMMON_BLOCKS = YES;
				GCC_OPTIMIZATION_LEVEL = 0;
				GCC_PREPROCESSOR_DEFINITIONS = (
					"DEBUG=1",
					"$(inherited)",
				);
				GCC_WARN_64_TO_32_BIT_CONVERSION = YES;
				GCC_WARN_ABOUT_RETURN_TYPE = YES_ERROR;
				GCC_WARN_UNDECLARED_SELECTOR = YES;
				GCC_WARN_UNINITIALIZED_AUTOS = YES_AGGRESSIVE;
				GCC_WARN_UNUSED_FUNCTION = YES;
				GCC_WARN_UNUSED_VARIABLE = YES;
				IPHONEOS_DEPLOYMENT_TARGET = 14.1;
				MTL_ENABLE_DEBUG_INFO = INCLUDE_SOURCE;
				MTL_FAST_MATH = YES;
				ONLY_ACTIVE_ARCH = YES;
				SDKROOT = iphoneos;
				SWIFT_ACTIVE_COMPILATION_CONDITIONS = DEBUG;
				SWIFT_OPTIMIZATION_LEVEL = "-Onone";
			};
			name = Debug;
		};
		01B69B7B26F4BA1B00E1EBE2 /* Release */ = {
			isa = XCBuildConfiguration;
			buildSettings = {
				ALWAYS_SEARCH_USER_PATHS = NO;
				CLANG_ANALYZER_NONNULL = YES;
				CLANG_ANALYZER_NUMBER_OBJECT_CONVERSION = YES_AGGRESSIVE;
				CLANG_CXX_LANGUAGE_STANDARD = "gnu++14";
				CLANG_CXX_LIBRARY = "libc++";
				CLANG_ENABLE_MODULES = YES;
				CLANG_ENABLE_OBJC_ARC = YES;
				CLANG_ENABLE_OBJC_WEAK = YES;
				CLANG_WARN_BLOCK_CAPTURE_AUTORELEASING = YES;
				CLANG_WARN_BOOL_CONVERSION = YES;
				CLANG_WARN_COMMA = YES;
				CLANG_WARN_CONSTANT_CONVERSION = YES;
				CLANG_WARN_DEPRECATED_OBJC_IMPLEMENTATIONS = YES;
				CLANG_WARN_DIRECT_OBJC_ISA_USAGE = YES_ERROR;
				CLANG_WARN_DOCUMENTATION_COMMENTS = YES;
				CLANG_WARN_EMPTY_BODY = YES;
				CLANG_WARN_ENUM_CONVERSION = YES;
				CLANG_WARN_INFINITE_RECURSION = YES;
				CLANG_WARN_INT_CONVERSION = YES;
				CLANG_WARN_NON_LITERAL_NULL_CONVERSION = YES;
				CLANG_WARN_OBJC_IMPLICIT_RETAIN_SELF = YES;
				CLANG_WARN_OBJC_LITERAL_CONVERSION = YES;
				CLANG_WARN_OBJC_ROOT_CLASS = YES_ERROR;
				CLANG_WARN_QUOTED_INCLUDE_IN_FRAMEWORK_HEADER = YES;
				CLANG_WARN_RANGE_LOOP_ANALYSIS = YES;
				CLANG_WARN_STRICT_PROTOTYPES = YES;
				CLANG_WARN_SUSPICIOUS_MOVE = YES;
				CLANG_WARN_UNGUARDED_AVAILABILITY = YES_AGGRESSIVE;
				CLANG_WARN_UNREACHABLE_CODE = YES;
				CLANG_WARN__DUPLICATE_METHOD_MATCH = YES;
				COPY_PHASE_STRIP = NO;
				DEBUG_INFORMATION_FORMAT = "dwarf-with-dsym";
				ENABLE_NS_ASSERTIONS = NO;
				ENABLE_STRICT_OBJC_MSGSEND = YES;
				GCC_C_LANGUAGE_STANDARD = gnu11;
				GCC_NO_COMMON_BLOCKS = YES;
				GCC_WARN_64_TO_32_BIT_CONVERSION = YES;
				GCC_WARN_ABOUT_RETURN_TYPE = YES_ERROR;
				GCC_WARN_UNDECLARED_SELECTOR = YES;
				GCC_WARN_UNINITIALIZED_AUTOS = YES_AGGRESSIVE;
				GCC_WARN_UNUSED_FUNCTION = YES;
				GCC_WARN_UNUSED_VARIABLE = YES;
				IPHONEOS_DEPLOYMENT_TARGET = 14.1;
				MTL_ENABLE_DEBUG_INFO = NO;
				MTL_FAST_MATH = YES;
				SDKROOT = iphoneos;
				SWIFT_COMPILATION_MODE = wholemodule;
				SWIFT_OPTIMIZATION_LEVEL = "-O";
				VALIDATE_PRODUCT = YES;
			};
			name = Release;
		};
		01B69B7D26F4BA1B00E1EBE2 /* Debug */ = {
			isa = XCBuildConfiguration;
			buildSettings = {
				ASSETCATALOG_COMPILER_APPICON_NAME = AppIcon;
				ASSETCATALOG_COMPILER_GLOBAL_ACCENT_COLOR_NAME = AccentColor;
				CODE_SIGN_STYLE = Automatic;
				DEVELOPMENT_TEAM = Q4EVHB7WX9;
				INFOPLIST_FILE = MovieSearch/Info.plist;
				LD_RUNPATH_SEARCH_PATHS = (
					"$(inherited)",
					"@executable_path/Frameworks",
				);
				PRODUCT_BUNDLE_IDENTIFIER = com.ncke.MovieSearch;
				PRODUCT_NAME = "$(TARGET_NAME)";
				SWIFT_VERSION = 5.0;
				TARGETED_DEVICE_FAMILY = "1,2";
			};
			name = Debug;
		};
		01B69B7E26F4BA1B00E1EBE2 /* Release */ = {
			isa = XCBuildConfiguration;
			buildSettings = {
				ASSETCATALOG_COMPILER_APPICON_NAME = AppIcon;
				ASSETCATALOG_COMPILER_GLOBAL_ACCENT_COLOR_NAME = AccentColor;
				CODE_SIGN_STYLE = Automatic;
				DEVELOPMENT_TEAM = Q4EVHB7WX9;
				INFOPLIST_FILE = MovieSearch/Info.plist;
				LD_RUNPATH_SEARCH_PATHS = (
					"$(inherited)",
					"@executable_path/Frameworks",
				);
				PRODUCT_BUNDLE_IDENTIFIER = com.ncke.MovieSearch;
				PRODUCT_NAME = "$(TARGET_NAME)";
				SWIFT_VERSION = 5.0;
				TARGETED_DEVICE_FAMILY = "1,2";
			};
			name = Release;
		};
		01B69B8026F4BA1B00E1EBE2 /* Debug */ = {
			isa = XCBuildConfiguration;
			buildSettings = {
				ALWAYS_EMBED_SWIFT_STANDARD_LIBRARIES = YES;
				BUNDLE_LOADER = "$(TEST_HOST)";
				CODE_SIGN_STYLE = Automatic;
				DEVELOPMENT_TEAM = Q4EVHB7WX9;
				INFOPLIST_FILE = MovieSearchTests/Info.plist;
				IPHONEOS_DEPLOYMENT_TARGET = 14.5;
				LD_RUNPATH_SEARCH_PATHS = (
					"$(inherited)",
					"@executable_path/Frameworks",
					"@loader_path/Frameworks",
				);
				PRODUCT_BUNDLE_IDENTIFIER = com.ncke.MovieSearchTests;
				PRODUCT_NAME = "$(TARGET_NAME)";
				SWIFT_VERSION = 5.0;
				TARGETED_DEVICE_FAMILY = "1,2";
				TEST_HOST = "$(BUILT_PRODUCTS_DIR)/MovieSearch.app/MovieSearch";
			};
			name = Debug;
		};
		01B69B8126F4BA1B00E1EBE2 /* Release */ = {
			isa = XCBuildConfiguration;
			buildSettings = {
				ALWAYS_EMBED_SWIFT_STANDARD_LIBRARIES = YES;
				BUNDLE_LOADER = "$(TEST_HOST)";
				CODE_SIGN_STYLE = Automatic;
				DEVELOPMENT_TEAM = Q4EVHB7WX9;
				INFOPLIST_FILE = MovieSearchTests/Info.plist;
				IPHONEOS_DEPLOYMENT_TARGET = 14.5;
				LD_RUNPATH_SEARCH_PATHS = (
					"$(inherited)",
					"@executable_path/Frameworks",
					"@loader_path/Frameworks",
				);
				PRODUCT_BUNDLE_IDENTIFIER = com.ncke.MovieSearchTests;
				PRODUCT_NAME = "$(TARGET_NAME)";
				SWIFT_VERSION = 5.0;
				TARGETED_DEVICE_FAMILY = "1,2";
				TEST_HOST = "$(BUILT_PRODUCTS_DIR)/MovieSearch.app/MovieSearch";
			};
			name = Release;
		};
		01B69B8326F4BA1B00E1EBE2 /* Debug */ = {
			isa = XCBuildConfiguration;
			buildSettings = {
				ALWAYS_EMBED_SWIFT_STANDARD_LIBRARIES = YES;
				CODE_SIGN_STYLE = Automatic;
				DEVELOPMENT_TEAM = Q4EVHB7WX9;
				INFOPLIST_FILE = MovieSearchUITests/Info.plist;
				LD_RUNPATH_SEARCH_PATHS = (
					"$(inherited)",
					"@executable_path/Frameworks",
					"@loader_path/Frameworks",
				);
				PRODUCT_BUNDLE_IDENTIFIER = com.ncke.MovieSearchUITests;
				PRODUCT_NAME = "$(TARGET_NAME)";
				SWIFT_VERSION = 5.0;
				TARGETED_DEVICE_FAMILY = "1,2";
				TEST_TARGET_NAME = MovieSearch;
			};
			name = Debug;
		};
		01B69B8426F4BA1B00E1EBE2 /* Release */ = {
			isa = XCBuildConfiguration;
			buildSettings = {
				ALWAYS_EMBED_SWIFT_STANDARD_LIBRARIES = YES;
				CODE_SIGN_STYLE = Automatic;
				DEVELOPMENT_TEAM = Q4EVHB7WX9;
				INFOPLIST_FILE = MovieSearchUITests/Info.plist;
				LD_RUNPATH_SEARCH_PATHS = (
					"$(inherited)",
					"@executable_path/Frameworks",
					"@loader_path/Frameworks",
				);
				PRODUCT_BUNDLE_IDENTIFIER = com.ncke.MovieSearchUITests;
				PRODUCT_NAME = "$(TARGET_NAME)";
				SWIFT_VERSION = 5.0;
				TARGETED_DEVICE_FAMILY = "1,2";
				TEST_TARGET_NAME = MovieSearch;
			};
			name = Release;
		};
/* End XCBuildConfiguration section */

/* Begin XCConfigurationList section */
		01B69B4D26F4BA1A00E1EBE2 /* Build configuration list for PBXProject "MovieSearch" */ = {
			isa = XCConfigurationList;
			buildConfigurations = (
				01B69B7A26F4BA1B00E1EBE2 /* Debug */,
				01B69B7B26F4BA1B00E1EBE2 /* Release */,
			);
			defaultConfigurationIsVisible = 0;
			defaultConfigurationName = Release;
		};
		01B69B7C26F4BA1B00E1EBE2 /* Build configuration list for PBXNativeTarget "MovieSearch" */ = {
			isa = XCConfigurationList;
			buildConfigurations = (
				01B69B7D26F4BA1B00E1EBE2 /* Debug */,
				01B69B7E26F4BA1B00E1EBE2 /* Release */,
			);
			defaultConfigurationIsVisible = 0;
			defaultConfigurationName = Release;
		};
		01B69B7F26F4BA1B00E1EBE2 /* Build configuration list for PBXNativeTarget "MovieSearchTests" */ = {
			isa = XCConfigurationList;
			buildConfigurations = (
				01B69B8026F4BA1B00E1EBE2 /* Debug */,
				01B69B8126F4BA1B00E1EBE2 /* Release */,
			);
			defaultConfigurationIsVisible = 0;
			defaultConfigurationName = Release;
		};
		01B69B8226F4BA1B00E1EBE2 /* Build configuration list for PBXNativeTarget "MovieSearchUITests" */ = {
			isa = XCConfigurationList;
			buildConfigurations = (
				01B69B8326F4BA1B00E1EBE2 /* Debug */,
				01B69B8426F4BA1B00E1EBE2 /* Release */,
			);
			defaultConfigurationIsVisible = 0;
			defaultConfigurationName = Release;
		};
/* End XCConfigurationList section */
	};
	rootObject = 01B69B4A26F4BA1A00E1EBE2 /* Project object */;
}
